
Microsoft Visual Studio Solution File, Format Version 12.00
# Visual Studio 15
VisualStudioVersion = 15.0.27703.2035
MinimumVisualStudioVersion = 10.0.40219.1
Project("{FAE04EC0-301F-11D3-BF4B-00C04F79EFBC}") = "UnitTestProject", "UnitTestProject\UnitTestProject.csproj", "{4B8E8B85-F76B-4B45-8188-92B8844B2411}"
EndProject
Project("{FAE04EC0-301F-11D3-BF4B-00C04F79EFBC}") = "UnitTestProjectTests", "UnitTestProjectTests\UnitTestProjectTests.csproj", "{D090D71C-E463-459A-8E61-CCE6E7C96C62}"
EndProject
Global
	GlobalSection(SolutionConfigurationPlatforms) = preSolution
		Debug|Any CPU = Debug|Any CPU
		Release|Any CPU = Release|Any CPU
	EndGlobalSection
	GlobalSection(ProjectConfigurationPlatforms) = postSolution
		{4B8E8B85-F76B-4B45-8188-92B8844B2411}.Debug|Any CPU.ActiveCfg = Debug|Any CPU
		{4B8E8B85-F76B-4B45-8188-92B8844B2411}.Debug|Any CPU.Build.0 = Debug|Any CPU
		{4B8E8B85-F76B-4B45-8188-92B8844B2411}.Release|Any CPU.ActiveCfg = Release|Any CPU
		{4B8E8B85-F76B-4B45-8188-92B8844B2411}.Release|Any CPU.Build.0 = Release|Any CPU
		{D090D71C-E463-459A-8E61-CCE6E7C96C62}.Debug|Any CPU.ActiveCfg = Debug|Any CPU
		{D090D71C-E463-459A-8E61-CCE6E7C96C62}.Debug|Any CPU.Build.0 = Debug|Any CPU
		{D090D71C-E463-459A-8E61-CCE6E7C96C62}.Release|Any CPU.ActiveCfg = Release|Any CPU
		{D090D71C-E463-459A-8E61-CCE6E7C96C62}.Release|Any CPU.Build.0 = Release|Any CPU
	EndGlobalSection
	GlobalSection(SolutionProperties) = preSolution
		HideSolutionNode = FALSE
	EndGlobalSection
	GlobalSection(ExtensibilityGlobals) = postSolution
		SolutionGuid = {BD08AA99-7DBF-4673-A107-538D06218E09}
	EndGlobalSection
EndGlobal
